
Microsoft Visual Studio Solution File, Format Version 12.00
# Visual Studio Version 16
VisualStudioVersion = 16.0.30611.23
MinimumVisualStudioVersion = 10.0.40219.1
Project("{FAE04EC0-301F-11D3-BF4B-00C04F79EFBC}") = "Ceasar", "Ceasar\Ceasar.csproj", "{B23F2933-519E-4744-B1DC-9468F25E64E3}"
EndProject
Project("{FAE04EC0-301F-11D3-BF4B-00C04F79EFBC}") = "Vigenère", "Vigenère\Vigenère.csproj", "{F8D861C3-0DFC-4D03-A837-95BB45207529}"
EndProject
Project("{FAE04EC0-301F-11D3-BF4B-00C04F79EFBC}") = "Common", "Common\Common.csproj", "{12E7FA25-16E9-4ED3-AB2A-73141CB864D8}"
EndProject
Project("{FAE04EC0-301F-11D3-BF4B-00C04F79EFBC}") = "PolyalphabeticSubstitution", "PolyalphabeticSubstitution\PolyalphabeticSubstitution.csproj", "{36C59F20-A4DC-44B6-BD8C-730BE176A7D4}"
EndProject
Project("{FAE04EC0-301F-11D3-BF4B-00C04F79EFBC}") = "Hill", "Hill\Hill.csproj", "{1ECA7562-085C-4149-B790-30566F133412}"
EndProject
Project("{FAE04EC0-301F-11D3-BF4B-00C04F79EFBC}") = "RSA", "RSA\RSA.csproj", "{915E4CE7-F667-4C37-8CCC-E05FABA12E38}"
EndProject
Project("{FAE04EC0-301F-11D3-BF4B-00C04F79EFBC}") = "DES", "DES\DES.csproj", "{0D1350F9-B81F-44F6-87C2-027C61B4C813}"
EndProject
Project("{FAE04EC0-301F-11D3-BF4B-00C04F79EFBC}") = "TinyDES", "TinyDES\TinyDES.csproj", "{47FE41D8-6777-4219-8C08-3053C961F6BC}"
EndProject
Project("{FAE04EC0-301F-11D3-BF4B-00C04F79EFBC}") = "A51", "A51\A51.csproj", "{BE16F202-0468-4F86-99FF-A24916EBDDE0}"
EndProject
Project("{FAE04EC0-301F-11D3-BF4B-00C04F79EFBC}") = "SandBox", "SandBox\SandBox.csproj", "{0C35EEA4-CEDE-493C-883E-5DBE19E68D95}"
EndProject
Project("{FAE04EC0-301F-11D3-BF4B-00C04F79EFBC}") = "RC4", "RC4\RC4.csproj", "{EA92FA8C-9C26-4C0D-B7E4-947C479B2761}"
EndProject
Project("{2150E333-8FDC-42A3-9474-1A3956D46DE8}") = "Mã Dòng", "Mã Dòng", "{4DB5317E-E762-442F-9FF5-6BB83A56C159}"
EndProject
Global
	GlobalSection(SolutionConfigurationPlatforms) = preSolution
		Debug|Any CPU = Debug|Any CPU
		Release|Any CPU = Release|Any CPU
	EndGlobalSection
	GlobalSection(ProjectConfigurationPlatforms) = postSolution
		{B23F2933-519E-4744-B1DC-9468F25E64E3}.Debug|Any CPU.ActiveCfg = Debug|Any CPU
		{B23F2933-519E-4744-B1DC-9468F25E64E3}.Debug|Any CPU.Build.0 = Debug|Any CPU
		{B23F2933-519E-4744-B1DC-9468F25E64E3}.Release|Any CPU.ActiveCfg = Release|Any CPU
		{B23F2933-519E-4744-B1DC-9468F25E64E3}.Release|Any CPU.Build.0 = Release|Any CPU
		{F8D861C3-0DFC-4D03-A837-95BB45207529}.Debug|Any CPU.ActiveCfg = Debug|Any CPU
		{F8D861C3-0DFC-4D03-A837-95BB45207529}.Debug|Any CPU.Build.0 = Debug|Any CPU
		{F8D861C3-0DFC-4D03-A837-95BB45207529}.Release|Any CPU.ActiveCfg = Release|Any CPU
		{F8D861C3-0DFC-4D03-A837-95BB45207529}.Release|Any CPU.Build.0 = Release|Any CPU
		{12E7FA25-16E9-4ED3-AB2A-73141CB864D8}.Debug|Any CPU.ActiveCfg = Debug|Any CPU
		{12E7FA25-16E9-4ED3-AB2A-73141CB864D8}.Debug|Any CPU.Build.0 = Debug|Any CPU
		{12E7FA25-16E9-4ED3-AB2A-73141CB864D8}.Release|Any CPU.ActiveCfg = Release|Any CPU
		{12E7FA25-16E9-4ED3-AB2A-73141CB864D8}.Release|Any CPU.Build.0 = Release|Any CPU
		{36C59F20-A4DC-44B6-BD8C-730BE176A7D4}.Debug|Any CPU.ActiveCfg = Debug|Any CPU
		{36C59F20-A4DC-44B6-BD8C-730BE176A7D4}.Debug|Any CPU.Build.0 = Debug|Any CPU
		{36C59F20-A4DC-44B6-BD8C-730BE176A7D4}.Release|Any CPU.ActiveCfg = Release|Any CPU
		{36C59F20-A4DC-44B6-BD8C-730BE176A7D4}.Release|Any CPU.Build.0 = Release|Any CPU
		{1ECA7562-085C-4149-B790-30566F133412}.Debug|Any CPU.ActiveCfg = Debug|Any CPU
		{1ECA7562-085C-4149-B790-30566F133412}.Debug|Any CPU.Build.0 = Debug|Any CPU
		{1ECA7562-085C-4149-B790-30566F133412}.Release|Any CPU.ActiveCfg = Release|Any CPU
		{1ECA7562-085C-4149-B790-30566F133412}.Release|Any CPU.Build.0 = Release|Any CPU
		{915E4CE7-F667-4C37-8CCC-E05FABA12E38}.Debug|Any CPU.ActiveCfg = Debug|Any CPU
		{915E4CE7-F667-4C37-8CCC-E05FABA12E38}.Debug|Any CPU.Build.0 = Debug|Any CPU
		{915E4CE7-F667-4C37-8CCC-E05FABA12E38}.Release|Any CPU.ActiveCfg = Release|Any CPU
		{915E4CE7-F667-4C37-8CCC-E05FABA12E38}.Release|Any CPU.Build.0 = Release|Any CPU
		{0D1350F9-B81F-44F6-87C2-027C61B4C813}.Debug|Any CPU.ActiveCfg = Debug|Any CPU
		{0D1350F9-B81F-44F6-87C2-027C61B4C813}.Debug|Any CPU.Build.0 = Debug|Any CPU
		{0D1350F9-B81F-44F6-87C2-027C61B4C813}.Release|Any CPU.ActiveCfg = Release|Any CPU
		{0D1350F9-B81F-44F6-87C2-027C61B4C813}.Release|Any CPU.Build.0 = Release|Any CPU
		{47FE41D8-6777-4219-8C08-3053C961F6BC}.Debug|Any CPU.ActiveCfg = Debug|Any CPU
		{47FE41D8-6777-4219-8C08-3053C961F6BC}.Debug|Any CPU.Build.0 = Debug|Any CPU
		{47FE41D8-6777-4219-8C08-3053C961F6BC}.Release|Any CPU.ActiveCfg = Release|Any CPU
		{47FE41D8-6777-4219-8C08-3053C961F6BC}.Release|Any CPU.Build.0 = Release|Any CPU
		{BE16F202-0468-4F86-99FF-A24916EBDDE0}.Debug|Any CPU.ActiveCfg = Debug|Any CPU
		{BE16F202-0468-4F86-99FF-A24916EBDDE0}.Debug|Any CPU.Build.0 = Debug|Any CPU
		{BE16F202-0468-4F86-99FF-A24916EBDDE0}.Release|Any CPU.ActiveCfg = Release|Any CPU
		{BE16F202-0468-4F86-99FF-A24916EBDDE0}.Release|Any CPU.Build.0 = Release|Any CPU
		{0C35EEA4-CEDE-493C-883E-5DBE19E68D95}.Debug|Any CPU.ActiveCfg = Debug|Any CPU
		{0C35EEA4-CEDE-493C-883E-5DBE19E68D95}.Debug|Any CPU.Build.0 = Debug|Any CPU
		{0C35EEA4-CEDE-493C-883E-5DBE19E68D95}.Release|Any CPU.ActiveCfg = Release|Any CPU
		{0C35EEA4-CEDE-493C-883E-5DBE19E68D95}.Release|Any CPU.Build.0 = Release|Any CPU
		{EA92FA8C-9C26-4C0D-B7E4-947C479B2761}.Debug|Any CPU.ActiveCfg = Debug|Any CPU
		{EA92FA8C-9C26-4C0D-B7E4-947C479B2761}.Debug|Any CPU.Build.0 = Debug|Any CPU
		{EA92FA8C-9C26-4C0D-B7E4-947C479B2761}.Release|Any CPU.ActiveCfg = Release|Any CPU
		{EA92FA8C-9C26-4C0D-B7E4-947C479B2761}.Release|Any CPU.Build.0 = Release|Any CPU
	EndGlobalSection
	GlobalSection(SolutionProperties) = preSolution
		HideSolutionNode = FALSE
	EndGlobalSection
	GlobalSection(NestedProjects) = preSolution
		{BE16F202-0468-4F86-99FF-A24916EBDDE0} = {4DB5317E-E762-442F-9FF5-6BB83A56C159}
		{EA92FA8C-9C26-4C0D-B7E4-947C479B2761} = {4DB5317E-E762-442F-9FF5-6BB83A56C159}
	EndGlobalSection
	GlobalSection(ExtensibilityGlobals) = postSolution
		SolutionGuid = {8857B67B-3516-4350-9799-1D119BECDA83}
	EndGlobalSection
EndGlobal
