
Microsoft Visual Studio Solution File, Format Version 12.00
# Visual Studio Version 16
VisualStudioVersion = 16.0.30611.23
MinimumVisualStudioVersion = 10.0.40219.1
Project("{FAE04EC0-301F-11D3-BF4B-00C04F79EFBC}") = "Ceasar", "Ceasar\Ceasar.csproj", "{B23F2933-519E-4744-B1DC-9468F25E64E3}"
EndProject
Global
	GlobalSection(SolutionConfigurationPlatforms) = preSolution
		Debug|Any CPU = Debug|Any CPU
		Release|Any CPU = Release|Any CPU
	EndGlobalSection
	GlobalSection(ProjectConfigurationPlatforms) = postSolution
		{B23F2933-519E-4744-B1DC-9468F25E64E3}.Debug|Any CPU.ActiveCfg = Debug|Any CPU
		{B23F2933-519E-4744-B1DC-9468F25E64E3}.Debug|Any CPU.Build.0 = Debug|Any CPU
		{B23F2933-519E-4744-B1DC-9468F25E64E3}.Release|Any CPU.ActiveCfg = Release|Any CPU
		{B23F2933-519E-4744-B1DC-9468F25E64E3}.Release|Any CPU.Build.0 = Release|Any CPU
	EndGlobalSection
	GlobalSection(SolutionProperties) = preSolution
		HideSolutionNode = FALSE
	EndGlobalSection
	GlobalSection(ExtensibilityGlobals) = postSolution
		SolutionGuid = {8857B67B-3516-4350-9799-1D119BECDA83}
	EndGlobalSection
EndGlobal
